// !$*UTF8*$!
{
	archiveVersion = 1;
	classes = {
	};
	objectVersion = 55;
	objects = {

/* Begin PBXBuildFile section */
		8D0AFC7728190479008DDF9D /* UIButtonExtensions.swift in Sources */ = {isa = PBXBuildFile; fileRef = 8D0AFC7628190479008DDF9D /* UIButtonExtensions.swift */; };
		8D0AFC7A2819099D008DDF9D /* OTPStackView.swift in Sources */ = {isa = PBXBuildFile; fileRef = 8D0AFC792819099D008DDF9D /* OTPStackView.swift */; };
		8D2E086727A721FA006E409E /* ViewControllerExtensions.swift in Sources */ = {isa = PBXBuildFile; fileRef = 8D2E086627A721FA006E409E /* ViewControllerExtensions.swift */; };
		8D2E086927A7226A006E409E /* UITextFieldExtensions.swift in Sources */ = {isa = PBXBuildFile; fileRef = 8D2E086827A7226A006E409E /* UITextFieldExtensions.swift */; };
		8D2E086C27A723F0006E409E /* SignUpViewController.swift in Sources */ = {isa = PBXBuildFile; fileRef = 8D2E086B27A723F0006E409E /* SignUpViewController.swift */; };
		8D3A425027A3C85600FF551F /* AppDelegate.swift in Sources */ = {isa = PBXBuildFile; fileRef = 8D3A424F27A3C85600FF551F /* AppDelegate.swift */; };
		8D3A425227A3C85600FF551F /* SceneDelegate.swift in Sources */ = {isa = PBXBuildFile; fileRef = 8D3A425127A3C85600FF551F /* SceneDelegate.swift */; };
		8D3A425427A3C85600FF551F /* ViewController.swift in Sources */ = {isa = PBXBuildFile; fileRef = 8D3A425327A3C85600FF551F /* ViewController.swift */; };
		8D3A425A27A3C85600FF551F /* Advocase.xcdatamodeld in Sources */ = {isa = PBXBuildFile; fileRef = 8D3A425827A3C85600FF551F /* Advocase.xcdatamodeld */; };
		8D3A425C27A3C85800FF551F /* Assets.xcassets in Resources */ = {isa = PBXBuildFile; fileRef = 8D3A425B27A3C85800FF551F /* Assets.xcassets */; };
		8D3A425F27A3C85800FF551F /* LaunchScreen.storyboard in Resources */ = {isa = PBXBuildFile; fileRef = 8D3A425D27A3C85800FF551F /* LaunchScreen.storyboard */; };
		8D3A426A27A3C85800FF551F /* AdvocaseTests.swift in Sources */ = {isa = PBXBuildFile; fileRef = 8D3A426927A3C85800FF551F /* AdvocaseTests.swift */; };
		8D3A427427A3C85800FF551F /* AdvocaseUITests.swift in Sources */ = {isa = PBXBuildFile; fileRef = 8D3A427327A3C85800FF551F /* AdvocaseUITests.swift */; };
		8D3A427627A3C85800FF551F /* AdvocaseUITestsLaunchTests.swift in Sources */ = {isa = PBXBuildFile; fileRef = 8D3A427527A3C85800FF551F /* AdvocaseUITestsLaunchTests.swift */; };
		8D3A428427A3C90300FF551F /* SplashScreenViewController.swift in Sources */ = {isa = PBXBuildFile; fileRef = 8D3A428327A3C90300FF551F /* SplashScreenViewController.swift */; };
		8D3A428727A3CA9800FF551F /* IntroPageViewController.swift in Sources */ = {isa = PBXBuildFile; fileRef = 8D3A428627A3CA9800FF551F /* IntroPageViewController.swift */; };
		8D47910827E2FD6E002384C9 /* MasterTabBarViewController.swift in Sources */ = {isa = PBXBuildFile; fileRef = 8D47910727E2FD6E002384C9 /* MasterTabBarViewController.swift */; };
		8D47910A27E2FE18002384C9 /* MasterNavigationTabBarController.swift in Sources */ = {isa = PBXBuildFile; fileRef = 8D47910927E2FE18002384C9 /* MasterNavigationTabBarController.swift */; };
		8D5FC60227A54C44000BB141 /* LoginViewController.swift in Sources */ = {isa = PBXBuildFile; fileRef = 8D5FC60127A54C44000BB141 /* LoginViewController.swift */; };
		8D70E41B27B2435B0058D17E /* Borders.swift in Sources */ = {isa = PBXBuildFile; fileRef = 8D70E41A27B2435B0058D17E /* Borders.swift */; };
		8D70E41E27B248C30058D17E /* OpenCasesViewController.swift in Sources */ = {isa = PBXBuildFile; fileRef = 8D70E41D27B248C30058D17E /* OpenCasesViewController.swift */; };
		8D70E42027B24A5E0058D17E /* OpenCasesTableViewCell.swift in Sources */ = {isa = PBXBuildFile; fileRef = 8D70E41F27B24A5E0058D17E /* OpenCasesTableViewCell.swift */; };
		8D70E42327B253DD0058D17E /* AllNotesViewController.swift in Sources */ = {isa = PBXBuildFile; fileRef = 8D70E42227B253DD0058D17E /* AllNotesViewController.swift */; };
		8D70E42627B2547C0058D17E /* AllNotesTableViewCell.swift in Sources */ = {isa = PBXBuildFile; fileRef = 8D70E42527B2547C0058D17E /* AllNotesTableViewCell.swift */; };
		8D7B695A27AC009B00A016E2 /* HomeViewController.swift in Sources */ = {isa = PBXBuildFile; fileRef = 8D7B695927AC009B00A016E2 /* HomeViewController.swift */; };
		8D8219A127B8494E00D28E58 /* NewNotesViewController.swift in Sources */ = {isa = PBXBuildFile; fileRef = 8D8219A027B8494E00D28E58 /* NewNotesViewController.swift */; };
		8DD4C21027E22AC600938E71 /* NoMeetingTableViewCell.swift in Sources */ = {isa = PBXBuildFile; fileRef = 8DD4C20F27E22AC600938E71 /* NoMeetingTableViewCell.swift */; };
		8DEC911E27AD28ED00D1C86B /* TimelineTableViewCell.swift in Sources */ = {isa = PBXBuildFile; fileRef = 8DEC911D27AD28ED00D1C86B /* TimelineTableViewCell.swift */; };
/* End PBXBuildFile section */

/* Begin PBXContainerItemProxy section */
		8D3A426627A3C85800FF551F /* PBXContainerItemProxy */ = {
			isa = PBXContainerItemProxy;
			containerPortal = 8D3A424427A3C85600FF551F /* Project object */;
			proxyType = 1;
			remoteGlobalIDString = 8D3A424B27A3C85600FF551F;
			remoteInfo = Advocase;
		};
		8D3A427027A3C85800FF551F /* PBXContainerItemProxy */ = {
			isa = PBXContainerItemProxy;
			containerPortal = 8D3A424427A3C85600FF551F /* Project object */;
			proxyType = 1;
			remoteGlobalIDString = 8D3A424B27A3C85600FF551F;
			remoteInfo = Advocase;
		};
/* End PBXContainerItemProxy section */

/* Begin PBXFileReference section */
		8D0AFC7628190479008DDF9D /* UIButtonExtensions.swift */ = {isa = PBXFileReference; lastKnownFileType = sourcecode.swift; path = UIButtonExtensions.swift; sourceTree = "<group>"; };
		8D0AFC792819099D008DDF9D /* OTPStackView.swift */ = {isa = PBXFileReference; lastKnownFileType = sourcecode.swift; path = OTPStackView.swift; sourceTree = "<group>"; };
		8D2E086627A721FA006E409E /* ViewControllerExtensions.swift */ = {isa = PBXFileReference; lastKnownFileType = sourcecode.swift; path = ViewControllerExtensions.swift; sourceTree = "<group>"; };
		8D2E086827A7226A006E409E /* UITextFieldExtensions.swift */ = {isa = PBXFileReference; lastKnownFileType = sourcecode.swift; path = UITextFieldExtensions.swift; sourceTree = "<group>"; };
		8D2E086B27A723F0006E409E /* SignUpViewController.swift */ = {isa = PBXFileReference; lastKnownFileType = sourcecode.swift; path = SignUpViewController.swift; sourceTree = "<group>"; };
		8D3A424C27A3C85600FF551F /* Advocase.app */ = {isa = PBXFileReference; explicitFileType = wrapper.application; includeInIndex = 0; path = Advocase.app; sourceTree = BUILT_PRODUCTS_DIR; };
		8D3A424F27A3C85600FF551F /* AppDelegate.swift */ = {isa = PBXFileReference; lastKnownFileType = sourcecode.swift; path = AppDelegate.swift; sourceTree = "<group>"; };
		8D3A425127A3C85600FF551F /* SceneDelegate.swift */ = {isa = PBXFileReference; lastKnownFileType = sourcecode.swift; path = SceneDelegate.swift; sourceTree = "<group>"; };
		8D3A425327A3C85600FF551F /* ViewController.swift */ = {isa = PBXFileReference; lastKnownFileType = sourcecode.swift; path = ViewController.swift; sourceTree = "<group>"; };
		8D3A425927A3C85600FF551F /* Advocase.xcdatamodel */ = {isa = PBXFileReference; lastKnownFileType = wrapper.xcdatamodel; path = Advocase.xcdatamodel; sourceTree = "<group>"; };
		8D3A425B27A3C85800FF551F /* Assets.xcassets */ = {isa = PBXFileReference; lastKnownFileType = folder.assetcatalog; path = Assets.xcassets; sourceTree = "<group>"; };
		8D3A425E27A3C85800FF551F /* Base */ = {isa = PBXFileReference; lastKnownFileType = file.storyboard; name = Base; path = Base.lproj/LaunchScreen.storyboard; sourceTree = "<group>"; };
		8D3A426027A3C85800FF551F /* Info.plist */ = {isa = PBXFileReference; lastKnownFileType = text.plist.xml; path = Info.plist; sourceTree = "<group>"; };
		8D3A426527A3C85800FF551F /* AdvocaseTests.xctest */ = {isa = PBXFileReference; explicitFileType = wrapper.cfbundle; includeInIndex = 0; path = AdvocaseTests.xctest; sourceTree = BUILT_PRODUCTS_DIR; };
		8D3A426927A3C85800FF551F /* AdvocaseTests.swift */ = {isa = PBXFileReference; lastKnownFileType = sourcecode.swift; path = AdvocaseTests.swift; sourceTree = "<group>"; };
		8D3A426F27A3C85800FF551F /* AdvocaseUITests.xctest */ = {isa = PBXFileReference; explicitFileType = wrapper.cfbundle; includeInIndex = 0; path = AdvocaseUITests.xctest; sourceTree = BUILT_PRODUCTS_DIR; };
		8D3A427327A3C85800FF551F /* AdvocaseUITests.swift */ = {isa = PBXFileReference; lastKnownFileType = sourcecode.swift; path = AdvocaseUITests.swift; sourceTree = "<group>"; };
		8D3A427527A3C85800FF551F /* AdvocaseUITestsLaunchTests.swift */ = {isa = PBXFileReference; lastKnownFileType = sourcecode.swift; path = AdvocaseUITestsLaunchTests.swift; sourceTree = "<group>"; };
		8D3A428327A3C90300FF551F /* SplashScreenViewController.swift */ = {isa = PBXFileReference; lastKnownFileType = sourcecode.swift; path = SplashScreenViewController.swift; sourceTree = "<group>"; };
		8D3A428627A3CA9800FF551F /* IntroPageViewController.swift */ = {isa = PBXFileReference; lastKnownFileType = sourcecode.swift; path = IntroPageViewController.swift; sourceTree = "<group>"; };
		8D47910727E2FD6E002384C9 /* MasterTabBarViewController.swift */ = {isa = PBXFileReference; lastKnownFileType = sourcecode.swift; path = MasterTabBarViewController.swift; sourceTree = "<group>"; };
		8D47910927E2FE18002384C9 /* MasterNavigationTabBarController.swift */ = {isa = PBXFileReference; lastKnownFileType = sourcecode.swift; path = MasterNavigationTabBarController.swift; sourceTree = "<group>"; };
		8D5FC60127A54C44000BB141 /* LoginViewController.swift */ = {isa = PBXFileReference; lastKnownFileType = sourcecode.swift; path = LoginViewController.swift; sourceTree = "<group>"; };
		8D70E41A27B2435B0058D17E /* Borders.swift */ = {isa = PBXFileReference; lastKnownFileType = sourcecode.swift; path = Borders.swift; sourceTree = "<group>"; };
		8D70E41D27B248C30058D17E /* OpenCasesViewController.swift */ = {isa = PBXFileReference; lastKnownFileType = sourcecode.swift; path = OpenCasesViewController.swift; sourceTree = "<group>"; };
		8D70E41F27B24A5E0058D17E /* OpenCasesTableViewCell.swift */ = {isa = PBXFileReference; lastKnownFileType = sourcecode.swift; path = OpenCasesTableViewCell.swift; sourceTree = "<group>"; };
		8D70E42227B253DD0058D17E /* AllNotesViewController.swift */ = {isa = PBXFileReference; lastKnownFileType = sourcecode.swift; path = AllNotesViewController.swift; sourceTree = "<group>"; };
		8D70E42527B2547C0058D17E /* AllNotesTableViewCell.swift */ = {isa = PBXFileReference; lastKnownFileType = sourcecode.swift; path = AllNotesTableViewCell.swift; sourceTree = "<group>"; };
		8D7B695927AC009B00A016E2 /* HomeViewController.swift */ = {isa = PBXFileReference; lastKnownFileType = sourcecode.swift; path = HomeViewController.swift; sourceTree = "<group>"; };
		8D8219A027B8494E00D28E58 /* NewNotesViewController.swift */ = {isa = PBXFileReference; lastKnownFileType = sourcecode.swift; path = NewNotesViewController.swift; sourceTree = "<group>"; };
		8DD4C20F27E22AC600938E71 /* NoMeetingTableViewCell.swift */ = {isa = PBXFileReference; lastKnownFileType = sourcecode.swift; path = NoMeetingTableViewCell.swift; sourceTree = "<group>"; };
		8DEC911D27AD28ED00D1C86B /* TimelineTableViewCell.swift */ = {isa = PBXFileReference; lastKnownFileType = sourcecode.swift; path = TimelineTableViewCell.swift; sourceTree = "<group>"; };
/* End PBXFileReference section */

/* Begin PBXFrameworksBuildPhase section */
		8D3A424927A3C85600FF551F /* Frameworks */ = {
			isa = PBXFrameworksBuildPhase;
			buildActionMask = 2147483647;
			files = (
			);
			runOnlyForDeploymentPostprocessing = 0;
		};
		8D3A426227A3C85800FF551F /* Frameworks */ = {
			isa = PBXFrameworksBuildPhase;
			buildActionMask = 2147483647;
			files = (
			);
			runOnlyForDeploymentPostprocessing = 0;
		};
		8D3A426C27A3C85800FF551F /* Frameworks */ = {
			isa = PBXFrameworksBuildPhase;
			buildActionMask = 2147483647;
			files = (
			);
			runOnlyForDeploymentPostprocessing = 0;
		};
/* End PBXFrameworksBuildPhase section */

/* Begin PBXGroup section */
		8D0AFC7828190980008DDF9D /* OTP */ = {
			isa = PBXGroup;
			children = (
				8D0AFC792819099D008DDF9D /* OTPStackView.swift */,
			);
			path = OTP;
			sourceTree = "<group>";
		};
		8D2E086527A721E7006E409E /* Extensions */ = {
			isa = PBXGroup;
			children = (
				8D2E086627A721FA006E409E /* ViewControllerExtensions.swift */,
				8D2E086827A7226A006E409E /* UITextFieldExtensions.swift */,
				8D70E41A27B2435B0058D17E /* Borders.swift */,
				8D0AFC7628190479008DDF9D /* UIButtonExtensions.swift */,
			);
			path = Extensions;
			sourceTree = "<group>";
		};
		8D2E086A27A723E3006E409E /* SignUpPage */ = {
			isa = PBXGroup;
			children = (
				8D2E086B27A723F0006E409E /* SignUpViewController.swift */,
			);
			path = SignUpPage;
			sourceTree = "<group>";
		};
		8D3A424327A3C85600FF551F = {
			isa = PBXGroup;
			children = (
				8D3A424E27A3C85600FF551F /* Advocase */,
				8D3A426827A3C85800FF551F /* AdvocaseTests */,
				8D3A427227A3C85800FF551F /* AdvocaseUITests */,
				8D3A424D27A3C85600FF551F /* Products */,
			);
			sourceTree = "<group>";
		};
		8D3A424D27A3C85600FF551F /* Products */ = {
			isa = PBXGroup;
			children = (
				8D3A424C27A3C85600FF551F /* Advocase.app */,
				8D3A426527A3C85800FF551F /* AdvocaseTests.xctest */,
				8D3A426F27A3C85800FF551F /* AdvocaseUITests.xctest */,
			);
			name = Products;
			sourceTree = "<group>";
		};
		8D3A424E27A3C85600FF551F /* Advocase */ = {
			isa = PBXGroup;
			children = (
				8D0AFC7828190980008DDF9D /* OTP */,
				8D47910627E2FD32002384C9 /* Master */,
				8D70E42127B253C30058D17E /* All Notes */,
				8D70E41C27B248A90058D17E /* Open Case */,
				8DEC911A27ACEAB100D1C86B /* CustomCells */,
				8D7B695827AC008D00A016E2 /* Home */,
				8D2E086A27A723E3006E409E /* SignUpPage */,
				8D2E086527A721E7006E409E /* Extensions */,
				8D5FC60027A54C32000BB141 /* Login Page */,
				8D3A428527A3CA8600FF551F /* IntroPage */,
				8D3A428227A3C8E800FF551F /* Launch VC */,
				8D3A424F27A3C85600FF551F /* AppDelegate.swift */,
				8D3A425127A3C85600FF551F /* SceneDelegate.swift */,
				8D3A425327A3C85600FF551F /* ViewController.swift */,
				8D3A425B27A3C85800FF551F /* Assets.xcassets */,
				8D3A425D27A3C85800FF551F /* LaunchScreen.storyboard */,
				8D3A426027A3C85800FF551F /* Info.plist */,
				8D3A425827A3C85600FF551F /* Advocase.xcdatamodeld */,
			);
			path = Advocase;
			sourceTree = "<group>";
		};
		8D3A426827A3C85800FF551F /* AdvocaseTests */ = {
			isa = PBXGroup;
			children = (
				8D3A426927A3C85800FF551F /* AdvocaseTests.swift */,
			);
			path = AdvocaseTests;
			sourceTree = "<group>";
		};
		8D3A427227A3C85800FF551F /* AdvocaseUITests */ = {
			isa = PBXGroup;
			children = (
				8D3A427327A3C85800FF551F /* AdvocaseUITests.swift */,
				8D3A427527A3C85800FF551F /* AdvocaseUITestsLaunchTests.swift */,
			);
			path = AdvocaseUITests;
			sourceTree = "<group>";
		};
		8D3A428227A3C8E800FF551F /* Launch VC */ = {
			isa = PBXGroup;
			children = (
				8D3A428327A3C90300FF551F /* SplashScreenViewController.swift */,
			);
			path = "Launch VC";
			sourceTree = "<group>";
		};
		8D3A428527A3CA8600FF551F /* IntroPage */ = {
			isa = PBXGroup;
			children = (
				8D3A428627A3CA9800FF551F /* IntroPageViewController.swift */,
			);
			path = IntroPage;
			sourceTree = "<group>";
		};
		8D47910627E2FD32002384C9 /* Master */ = {
			isa = PBXGroup;
			children = (
				8D47910727E2FD6E002384C9 /* MasterTabBarViewController.swift */,
				8D47910927E2FE18002384C9 /* MasterNavigationTabBarController.swift */,
			);
			path = Master;
			sourceTree = "<group>";
		};
		8D5FC60027A54C32000BB141 /* Login Page */ = {
			isa = PBXGroup;
			children = (
				8D5FC60127A54C44000BB141 /* LoginViewController.swift */,
			);
			path = "Login Page";
			sourceTree = "<group>";
		};
		8D70E41C27B248A90058D17E /* Open Case */ = {
			isa = PBXGroup;
			children = (
				8D70E41D27B248C30058D17E /* OpenCasesViewController.swift */,
			);
			path = "Open Case";
			sourceTree = "<group>";
		};
		8D70E42127B253C30058D17E /* All Notes */ = {
			isa = PBXGroup;
			children = (
				8D70E42227B253DD0058D17E /* AllNotesViewController.swift */,
				8D8219A027B8494E00D28E58 /* NewNotesViewController.swift */,
			);
			path = "All Notes";
			sourceTree = "<group>";
		};
		8D7B695827AC008D00A016E2 /* Home */ = {
			isa = PBXGroup;
			children = (
				8D7B695927AC009B00A016E2 /* HomeViewController.swift */,
			);
			path = Home;
			sourceTree = "<group>";
		};
		8DEC911A27ACEAB100D1C86B /* CustomCells */ = {
			isa = PBXGroup;
			children = (
				8DEC911D27AD28ED00D1C86B /* TimelineTableViewCell.swift */,
				8D70E41F27B24A5E0058D17E /* OpenCasesTableViewCell.swift */,
				8D70E42527B2547C0058D17E /* AllNotesTableViewCell.swift */,
				8DD4C20F27E22AC600938E71 /* NoMeetingTableViewCell.swift */,
			);
			path = CustomCells;
			sourceTree = "<group>";
		};
/* End PBXGroup section */

/* Begin PBXNativeTarget section */
		8D3A424B27A3C85600FF551F /* Advocase */ = {
			isa = PBXNativeTarget;
			buildConfigurationList = 8D3A427927A3C85800FF551F /* Build configuration list for PBXNativeTarget "Advocase" */;
			buildPhases = (
				8D3A424827A3C85600FF551F /* Sources */,
				8D3A424927A3C85600FF551F /* Frameworks */,
				8D3A424A27A3C85600FF551F /* Resources */,
			);
			buildRules = (
			);
			dependencies = (
			);
			name = Advocase;
			productName = Advocase;
			productReference = 8D3A424C27A3C85600FF551F /* Advocase.app */;
			productType = "com.apple.product-type.application";
		};
		8D3A426427A3C85800FF551F /* AdvocaseTests */ = {
			isa = PBXNativeTarget;
			buildConfigurationList = 8D3A427C27A3C85800FF551F /* Build configuration list for PBXNativeTarget "AdvocaseTests" */;
			buildPhases = (
				8D3A426127A3C85800FF551F /* Sources */,
				8D3A426227A3C85800FF551F /* Frameworks */,
				8D3A426327A3C85800FF551F /* Resources */,
			);
			buildRules = (
			);
			dependencies = (
				8D3A426727A3C85800FF551F /* PBXTargetDependency */,
			);
			name = AdvocaseTests;
			productName = AdvocaseTests;
			productReference = 8D3A426527A3C85800FF551F /* AdvocaseTests.xctest */;
			productType = "com.apple.product-type.bundle.unit-test";
		};
		8D3A426E27A3C85800FF551F /* AdvocaseUITests */ = {
			isa = PBXNativeTarget;
			buildConfigurationList = 8D3A427F27A3C85800FF551F /* Build configuration list for PBXNativeTarget "AdvocaseUITests" */;
			buildPhases = (
				8D3A426B27A3C85800FF551F /* Sources */,
				8D3A426C27A3C85800FF551F /* Frameworks */,
				8D3A426D27A3C85800FF551F /* Resources */,
			);
			buildRules = (
			);
			dependencies = (
				8D3A427127A3C85800FF551F /* PBXTargetDependency */,
			);
			name = AdvocaseUITests;
			productName = AdvocaseUITests;
			productReference = 8D3A426F27A3C85800FF551F /* AdvocaseUITests.xctest */;
			productType = "com.apple.product-type.bundle.ui-testing";
		};
/* End PBXNativeTarget section */

/* Begin PBXProject section */
		8D3A424427A3C85600FF551F /* Project object */ = {
			isa = PBXProject;
			attributes = {
				BuildIndependentTargetsInParallel = 1;
				LastSwiftUpdateCheck = 1310;
				LastUpgradeCheck = 1310;
				TargetAttributes = {
					8D3A424B27A3C85600FF551F = {
						CreatedOnToolsVersion = 13.1;
					};
					8D3A426427A3C85800FF551F = {
						CreatedOnToolsVersion = 13.1;
						TestTargetID = 8D3A424B27A3C85600FF551F;
					};
					8D3A426E27A3C85800FF551F = {
						CreatedOnToolsVersion = 13.1;
						TestTargetID = 8D3A424B27A3C85600FF551F;
					};
				};
			};
			buildConfigurationList = 8D3A424727A3C85600FF551F /* Build configuration list for PBXProject "Advocase" */;
			compatibilityVersion = "Xcode 13.0";
			developmentRegion = en;
			hasScannedForEncodings = 0;
			knownRegions = (
				en,
				Base,
			);
			mainGroup = 8D3A424327A3C85600FF551F;
			productRefGroup = 8D3A424D27A3C85600FF551F /* Products */;
			projectDirPath = "";
			projectRoot = "";
			targets = (
				8D3A424B27A3C85600FF551F /* Advocase */,
				8D3A426427A3C85800FF551F /* AdvocaseTests */,
				8D3A426E27A3C85800FF551F /* AdvocaseUITests */,
			);
		};
/* End PBXProject section */

/* Begin PBXResourcesBuildPhase section */
		8D3A424A27A3C85600FF551F /* Resources */ = {
			isa = PBXResourcesBuildPhase;
			buildActionMask = 2147483647;
			files = (
				8D3A425F27A3C85800FF551F /* LaunchScreen.storyboard in Resources */,
				8D3A425C27A3C85800FF551F /* Assets.xcassets in Resources */,
			);
			runOnlyForDeploymentPostprocessing = 0;
		};
		8D3A426327A3C85800FF551F /* Resources */ = {
			isa = PBXResourcesBuildPhase;
			buildActionMask = 2147483647;
			files = (
			);
			runOnlyForDeploymentPostprocessing = 0;
		};
		8D3A426D27A3C85800FF551F /* Resources */ = {
			isa = PBXResourcesBuildPhase;
			buildActionMask = 2147483647;
			files = (
			);
			runOnlyForDeploymentPostprocessing = 0;
		};
/* End PBXResourcesBuildPhase section */

/* Begin PBXSourcesBuildPhase section */
		8D3A424827A3C85600FF551F /* Sources */ = {
			isa = PBXSourcesBuildPhase;
			buildActionMask = 2147483647;
			files = (
				8D47910827E2FD6E002384C9 /* MasterTabBarViewController.swift in Sources */,
				8D2E086727A721FA006E409E /* ViewControllerExtensions.swift in Sources */,
				8D70E42627B2547C0058D17E /* AllNotesTableViewCell.swift in Sources */,
				8D5FC60227A54C44000BB141 /* LoginViewController.swift in Sources */,
				8D47910A27E2FE18002384C9 /* MasterNavigationTabBarController.swift in Sources */,
				8DEC911E27AD28ED00D1C86B /* TimelineTableViewCell.swift in Sources */,
				8D3A425427A3C85600FF551F /* ViewController.swift in Sources */,
				8D2E086927A7226A006E409E /* UITextFieldExtensions.swift in Sources */,
				8D0AFC7A2819099D008DDF9D /* OTPStackView.swift in Sources */,
				8D2E086C27A723F0006E409E /* SignUpViewController.swift in Sources */,
				8D3A425027A3C85600FF551F /* AppDelegate.swift in Sources */,
				8D3A425227A3C85600FF551F /* SceneDelegate.swift in Sources */,
				8D70E42327B253DD0058D17E /* AllNotesViewController.swift in Sources */,
				8D70E42027B24A5E0058D17E /* OpenCasesTableViewCell.swift in Sources */,
				8D8219A127B8494E00D28E58 /* NewNotesViewController.swift in Sources */,
				8D7B695A27AC009B00A016E2 /* HomeViewController.swift in Sources */,
				8D3A428427A3C90300FF551F /* SplashScreenViewController.swift in Sources */,
				8D70E41B27B2435B0058D17E /* Borders.swift in Sources */,
				8D0AFC7728190479008DDF9D /* UIButtonExtensions.swift in Sources */,
				8D3A428727A3CA9800FF551F /* IntroPageViewController.swift in Sources */,
				8D70E41E27B248C30058D17E /* OpenCasesViewController.swift in Sources */,
				8DD4C21027E22AC600938E71 /* NoMeetingTableViewCell.swift in Sources */,
				8D3A425A27A3C85600FF551F /* Advocase.xcdatamodeld in Sources */,
			);
			runOnlyForDeploymentPostprocessing = 0;
		};
		8D3A426127A3C85800FF551F /* Sources */ = {
			isa = PBXSourcesBuildPhase;
			buildActionMask = 2147483647;
			files = (
				8D3A426A27A3C85800FF551F /* AdvocaseTests.swift in Sources */,
			);
			runOnlyForDeploymentPostprocessing = 0;
		};
		8D3A426B27A3C85800FF551F /* Sources */ = {
			isa = PBXSourcesBuildPhase;
			buildActionMask = 2147483647;
			files = (
				8D3A427627A3C85800FF551F /* AdvocaseUITestsLaunchTests.swift in Sources */,
				8D3A427427A3C85800FF551F /* AdvocaseUITests.swift in Sources */,
			);
			runOnlyForDeploymentPostprocessing = 0;
		};
/* End PBXSourcesBuildPhase section */

/* Begin PBXTargetDependency section */
		8D3A426727A3C85800FF551F /* PBXTargetDependency */ = {
			isa = PBXTargetDependency;
			target = 8D3A424B27A3C85600FF551F /* Advocase */;
			targetProxy = 8D3A426627A3C85800FF551F /* PBXContainerItemProxy */;
		};
		8D3A427127A3C85800FF551F /* PBXTargetDependency */ = {
			isa = PBXTargetDependency;
			target = 8D3A424B27A3C85600FF551F /* Advocase */;
			targetProxy = 8D3A427027A3C85800FF551F /* PBXContainerItemProxy */;
		};
/* End PBXTargetDependency section */

/* Begin PBXVariantGroup section */
		8D3A425D27A3C85800FF551F /* LaunchScreen.storyboard */ = {
			isa = PBXVariantGroup;
			children = (
				8D3A425E27A3C85800FF551F /* Base */,
			);
			name = LaunchScreen.storyboard;
			sourceTree = "<group>";
		};
/* End PBXVariantGroup section */

/* Begin XCBuildConfiguration section */
		8D3A427727A3C85800FF551F /* Debug */ = {
			isa = XCBuildConfiguration;
			buildSettings = {
				ALWAYS_SEARCH_USER_PATHS = NO;
				CLANG_ANALYZER_NONNULL = YES;
				CLANG_ANALYZER_NUMBER_OBJECT_CONVERSION = YES_AGGRESSIVE;
				CLANG_CXX_LANGUAGE_STANDARD = "gnu++17";
				CLANG_CXX_LIBRARY = "libc++";
				CLANG_ENABLE_MODULES = YES;
				CLANG_ENABLE_OBJC_ARC = YES;
				CLANG_ENABLE_OBJC_WEAK = YES;
				CLANG_WARN_BLOCK_CAPTURE_AUTORELEASING = YES;
				CLANG_WARN_BOOL_CONVERSION = YES;
				CLANG_WARN_COMMA = YES;
				CLANG_WARN_CONSTANT_CONVERSION = YES;
				CLANG_WARN_DEPRECATED_OBJC_IMPLEMENTATIONS = YES;
				CLANG_WARN_DIRECT_OBJC_ISA_USAGE = YES_ERROR;
				CLANG_WARN_DOCUMENTATION_COMMENTS = YES;
				CLANG_WARN_EMPTY_BODY = YES;
				CLANG_WARN_ENUM_CONVERSION = YES;
				CLANG_WARN_INFINITE_RECURSION = YES;
				CLANG_WARN_INT_CONVERSION = YES;
				CLANG_WARN_NON_LITERAL_NULL_CONVERSION = YES;
				CLANG_WARN_OBJC_IMPLICIT_RETAIN_SELF = YES;
				CLANG_WARN_OBJC_LITERAL_CONVERSION = YES;
				CLANG_WARN_OBJC_ROOT_CLASS = YES_ERROR;
				CLANG_WARN_QUOTED_INCLUDE_IN_FRAMEWORK_HEADER = YES;
				CLANG_WARN_RANGE_LOOP_ANALYSIS = YES;
				CLANG_WARN_STRICT_PROTOTYPES = YES;
				CLANG_WARN_SUSPICIOUS_MOVE = YES;
				CLANG_WARN_UNGUARDED_AVAILABILITY = YES_AGGRESSIVE;
				CLANG_WARN_UNREACHABLE_CODE = YES;
				CLANG_WARN__DUPLICATE_METHOD_MATCH = YES;
				COPY_PHASE_STRIP = NO;
				DEBUG_INFORMATION_FORMAT = dwarf;
				ENABLE_STRICT_OBJC_MSGSEND = YES;
				ENABLE_TESTABILITY = YES;
				GCC_C_LANGUAGE_STANDARD = gnu11;
				GCC_DYNAMIC_NO_PIC = NO;
				GCC_NO_COMMON_BLOCKS = YES;
				GCC_OPTIMIZATION_LEVEL = 0;
				GCC_PREPROCESSOR_DEFINITIONS = (
					"DEBUG=1",
					"$(inherited)",
				);
				GCC_WARN_64_TO_32_BIT_CONVERSION = YES;
				GCC_WARN_ABOUT_RETURN_TYPE = YES_ERROR;
				GCC_WARN_UNDECLARED_SELECTOR = YES;
				GCC_WARN_UNINITIALIZED_AUTOS = YES_AGGRESSIVE;
				GCC_WARN_UNUSED_FUNCTION = YES;
				GCC_WARN_UNUSED_VARIABLE = YES;
				IPHONEOS_DEPLOYMENT_TARGET = 15.0;
				MTL_ENABLE_DEBUG_INFO = INCLUDE_SOURCE;
				MTL_FAST_MATH = YES;
				ONLY_ACTIVE_ARCH = YES;
				SDKROOT = iphoneos;
				SWIFT_ACTIVE_COMPILATION_CONDITIONS = DEBUG;
				SWIFT_OPTIMIZATION_LEVEL = "-Onone";
			};
			name = Debug;
		};
		8D3A427827A3C85800FF551F /* Release */ = {
			isa = XCBuildConfiguration;
			buildSettings = {
				ALWAYS_SEARCH_USER_PATHS = NO;
				CLANG_ANALYZER_NONNULL = YES;
				CLANG_ANALYZER_NUMBER_OBJECT_CONVERSION = YES_AGGRESSIVE;
				CLANG_CXX_LANGUAGE_STANDARD = "gnu++17";
				CLANG_CXX_LIBRARY = "libc++";
				CLANG_ENABLE_MODULES = YES;
				CLANG_ENABLE_OBJC_ARC = YES;
				CLANG_ENABLE_OBJC_WEAK = YES;
				CLANG_WARN_BLOCK_CAPTURE_AUTORELEASING = YES;
				CLANG_WARN_BOOL_CONVERSION = YES;
				CLANG_WARN_COMMA = YES;
				CLANG_WARN_CONSTANT_CONVERSION = YES;
				CLANG_WARN_DEPRECATED_OBJC_IMPLEMENTATIONS = YES;
				CLANG_WARN_DIRECT_OBJC_ISA_USAGE = YES_ERROR;
				CLANG_WARN_DOCUMENTATION_COMMENTS = YES;
				CLANG_WARN_EMPTY_BODY = YES;
				CLANG_WARN_ENUM_CONVERSION = YES;
				CLANG_WARN_INFINITE_RECURSION = YES;
				CLANG_WARN_INT_CONVERSION = YES;
				CLANG_WARN_NON_LITERAL_NULL_CONVERSION = YES;
				CLANG_WARN_OBJC_IMPLICIT_RETAIN_SELF = YES;
				CLANG_WARN_OBJC_LITERAL_CONVERSION = YES;
				CLANG_WARN_OBJC_ROOT_CLASS = YES_ERROR;
				CLANG_WARN_QUOTED_INCLUDE_IN_FRAMEWORK_HEADER = YES;
				CLANG_WARN_RANGE_LOOP_ANALYSIS = YES;
				CLANG_WARN_STRICT_PROTOTYPES = YES;
				CLANG_WARN_SUSPICIOUS_MOVE = YES;
				CLANG_WARN_UNGUARDED_AVAILABILITY = YES_AGGRESSIVE;
				CLANG_WARN_UNREACHABLE_CODE = YES;
				CLANG_WARN__DUPLICATE_METHOD_MATCH = YES;
				COPY_PHASE_STRIP = NO;
				DEBUG_INFORMATION_FORMAT = "dwarf-with-dsym";
				ENABLE_NS_ASSERTIONS = NO;
				ENABLE_STRICT_OBJC_MSGSEND = YES;
				GCC_C_LANGUAGE_STANDARD = gnu11;
				GCC_NO_COMMON_BLOCKS = YES;
				GCC_WARN_64_TO_32_BIT_CONVERSION = YES;
				GCC_WARN_ABOUT_RETURN_TYPE = YES_ERROR;
				GCC_WARN_UNDECLARED_SELECTOR = YES;
				GCC_WARN_UNINITIALIZED_AUTOS = YES_AGGRESSIVE;
				GCC_WARN_UNUSED_FUNCTION = YES;
				GCC_WARN_UNUSED_VARIABLE = YES;
				IPHONEOS_DEPLOYMENT_TARGET = 15.0;
				MTL_ENABLE_DEBUG_INFO = NO;
				MTL_FAST_MATH = YES;
				SDKROOT = iphoneos;
				SWIFT_COMPILATION_MODE = wholemodule;
				SWIFT_OPTIMIZATION_LEVEL = "-O";
				VALIDATE_PRODUCT = YES;
			};
			name = Release;
		};
		8D3A427A27A3C85800FF551F /* Debug */ = {
			isa = XCBuildConfiguration;
			buildSettings = {
				ASSETCATALOG_COMPILER_APPICON_NAME = AppIcon;
				ASSETCATALOG_COMPILER_GLOBAL_ACCENT_COLOR_NAME = AccentColor;
				CODE_SIGN_STYLE = Automatic;
				CURRENT_PROJECT_VERSION = 1;
				DEVELOPMENT_TEAM = G879XHMX6G;
				GENERATE_INFOPLIST_FILE = YES;
				INFOPLIST_FILE = Advocase/Info.plist;
				INFOPLIST_KEY_UIApplicationSupportsIndirectInputEvents = YES;
				INFOPLIST_KEY_UILaunchStoryboardName = LaunchScreen;
				INFOPLIST_KEY_UISupportedInterfaceOrientations_iPad = "UIInterfaceOrientationPortrait UIInterfaceOrientationPortraitUpsideDown UIInterfaceOrientationLandscapeLeft UIInterfaceOrientationLandscapeRight";
				INFOPLIST_KEY_UISupportedInterfaceOrientations_iPhone = "UIInterfaceOrientationPortrait UIInterfaceOrientationLandscapeLeft UIInterfaceOrientationLandscapeRight";
				LD_RUNPATH_SEARCH_PATHS = (
					"$(inherited)",
					"@executable_path/Frameworks",
				);
				MARKETING_VERSION = 1.0;
				PRODUCT_BUNDLE_IDENTIFIER = tushar.firstapp.Advocase;
				PRODUCT_NAME = "$(TARGET_NAME)";
				SWIFT_EMIT_LOC_STRINGS = YES;
				SWIFT_VERSION = 5.0;
				TARGETED_DEVICE_FAMILY = "1,2";
			};
			name = Debug;
		};
		8D3A427B27A3C85800FF551F /* Release */ = {
			isa = XCBuildConfiguration;
			buildSettings = {
				ASSETCATALOG_COMPILER_APPICON_NAME = AppIcon;
				ASSETCATALOG_COMPILER_GLOBAL_ACCENT_COLOR_NAME = AccentColor;
				CODE_SIGN_STYLE = Automatic;
				CURRENT_PROJECT_VERSION = 1;
				DEVELOPMENT_TEAM = G879XHMX6G;
				GENERATE_INFOPLIST_FILE = YES;
				INFOPLIST_FILE = Advocase/Info.plist;
				INFOPLIST_KEY_UIApplicationSupportsIndirectInputEvents = YES;
				INFOPLIST_KEY_UILaunchStoryboardName = LaunchScreen;
				INFOPLIST_KEY_UISupportedInterfaceOrientations_iPad = "UIInterfaceOrientationPortrait UIInterfaceOrientationPortraitUpsideDown UIInterfaceOrientationLandscapeLeft UIInterfaceOrientationLandscapeRight";
				INFOPLIST_KEY_UISupportedInterfaceOrientations_iPhone = "UIInterfaceOrientationPortrait UIInterfaceOrientationLandscapeLeft UIInterfaceOrientationLandscapeRight";
				LD_RUNPATH_SEARCH_PATHS = (
					"$(inherited)",
					"@executable_path/Frameworks",
				);
				MARKETING_VERSION = 1.0;
				PRODUCT_BUNDLE_IDENTIFIER = tushar.firstapp.Advocase;
				PRODUCT_NAME = "$(TARGET_NAME)";
				SWIFT_EMIT_LOC_STRINGS = YES;
				SWIFT_VERSION = 5.0;
				TARGETED_DEVICE_FAMILY = "1,2";
			};
			name = Release;
		};
		8D3A427D27A3C85800FF551F /* Debug */ = {
			isa = XCBuildConfiguration;
			buildSettings = {
				ALWAYS_EMBED_SWIFT_STANDARD_LIBRARIES = YES;
				BUNDLE_LOADER = "$(TEST_HOST)";
				CODE_SIGN_STYLE = Automatic;
				CURRENT_PROJECT_VERSION = 1;
				DEVELOPMENT_TEAM = G879XHMX6G;
				GENERATE_INFOPLIST_FILE = YES;
				IPHONEOS_DEPLOYMENT_TARGET = 15.0;
				LD_RUNPATH_SEARCH_PATHS = (
					"$(inherited)",
					"@executable_path/Frameworks",
					"@loader_path/Frameworks",
				);
				MARKETING_VERSION = 1.0;
				PRODUCT_BUNDLE_IDENTIFIER = tushar.firstapp.AdvocaseTests;
				PRODUCT_NAME = "$(TARGET_NAME)";
				SWIFT_EMIT_LOC_STRINGS = NO;
				SWIFT_VERSION = 5.0;
				TARGETED_DEVICE_FAMILY = "1,2";
				TEST_HOST = "$(BUILT_PRODUCTS_DIR)/Advocase.app/Advocase";
			};
			name = Debug;
		};
		8D3A427E27A3C85800FF551F /* Release */ = {
			isa = XCBuildConfiguration;
			buildSettings = {
				ALWAYS_EMBED_SWIFT_STANDARD_LIBRARIES = YES;
				BUNDLE_LOADER = "$(TEST_HOST)";
				CODE_SIGN_STYLE = Automatic;
				CURRENT_PROJECT_VERSION = 1;
				DEVELOPMENT_TEAM = G879XHMX6G;
				GENERATE_INFOPLIST_FILE = YES;
				IPHONEOS_DEPLOYMENT_TARGET = 15.0;
				LD_RUNPATH_SEARCH_PATHS = (
					"$(inherited)",
					"@executable_path/Frameworks",
					"@loader_path/Frameworks",
				);
				MARKETING_VERSION = 1.0;
				PRODUCT_BUNDLE_IDENTIFIER = tushar.firstapp.AdvocaseTests;
				PRODUCT_NAME = "$(TARGET_NAME)";
				SWIFT_EMIT_LOC_STRINGS = NO;
				SWIFT_VERSION = 5.0;
				TARGETED_DEVICE_FAMILY = "1,2";
				TEST_HOST = "$(BUILT_PRODUCTS_DIR)/Advocase.app/Advocase";
			};
			name = Release;
		};
		8D3A428027A3C85800FF551F /* Debug */ = {
			isa = XCBuildConfiguration;
			buildSettings = {
				ALWAYS_EMBED_SWIFT_STANDARD_LIBRARIES = YES;
				CODE_SIGN_STYLE = Automatic;
				CURRENT_PROJECT_VERSION = 1;
				DEVELOPMENT_TEAM = G879XHMX6G;
				GENERATE_INFOPLIST_FILE = YES;
				LD_RUNPATH_SEARCH_PATHS = (
					"$(inherited)",
					"@executable_path/Frameworks",
					"@loader_path/Frameworks",
				);
				MARKETING_VERSION = 1.0;
				PRODUCT_BUNDLE_IDENTIFIER = tushar.firstapp.AdvocaseUITests;
				PRODUCT_NAME = "$(TARGET_NAME)";
				SWIFT_EMIT_LOC_STRINGS = NO;
				SWIFT_VERSION = 5.0;
				TARGETED_DEVICE_FAMILY = "1,2";
				TEST_TARGET_NAME = Advocase;
			};
			name = Debug;
		};
		8D3A428127A3C85800FF551F /* Release */ = {
			isa = XCBuildConfiguration;
			buildSettings = {
				ALWAYS_EMBED_SWIFT_STANDARD_LIBRARIES = YES;
				CODE_SIGN_STYLE = Automatic;
				CURRENT_PROJECT_VERSION = 1;
				DEVELOPMENT_TEAM = G879XHMX6G;
				GENERATE_INFOPLIST_FILE = YES;
				LD_RUNPATH_SEARCH_PATHS = (
					"$(inherited)",
					"@executable_path/Frameworks",
					"@loader_path/Frameworks",
				);
				MARKETING_VERSION = 1.0;
				PRODUCT_BUNDLE_IDENTIFIER = tushar.firstapp.AdvocaseUITests;
				PRODUCT_NAME = "$(TARGET_NAME)";
				SWIFT_EMIT_LOC_STRINGS = NO;
				SWIFT_VERSION = 5.0;
				TARGETED_DEVICE_FAMILY = "1,2";
				TEST_TARGET_NAME = Advocase;
			};
			name = Release;
		};
/* End XCBuildConfiguration section */

/* Begin XCConfigurationList section */
		8D3A424727A3C85600FF551F /* Build configuration list for PBXProject "Advocase" */ = {
			isa = XCConfigurationList;
			buildConfigurations = (
				8D3A427727A3C85800FF551F /* Debug */,
				8D3A427827A3C85800FF551F /* Release */,
			);
			defaultConfigurationIsVisible = 0;
			defaultConfigurationName = Release;
		};
		8D3A427927A3C85800FF551F /* Build configuration list for PBXNativeTarget "Advocase" */ = {
			isa = XCConfigurationList;
			buildConfigurations = (
				8D3A427A27A3C85800FF551F /* Debug */,
				8D3A427B27A3C85800FF551F /* Release */,
			);
			defaultConfigurationIsVisible = 0;
			defaultConfigurationName = Release;
		};
		8D3A427C27A3C85800FF551F /* Build configuration list for PBXNativeTarget "AdvocaseTests" */ = {
			isa = XCConfigurationList;
			buildConfigurations = (
				8D3A427D27A3C85800FF551F /* Debug */,
				8D3A427E27A3C85800FF551F /* Release */,
			);
			defaultConfigurationIsVisible = 0;
			defaultConfigurationName = Release;
		};
		8D3A427F27A3C85800FF551F /* Build configuration list for PBXNativeTarget "AdvocaseUITests" */ = {
			isa = XCConfigurationList;
			buildConfigurations = (
				8D3A428027A3C85800FF551F /* Debug */,
				8D3A428127A3C85800FF551F /* Release */,
			);
			defaultConfigurationIsVisible = 0;
			defaultConfigurationName = Release;
		};
/* End XCConfigurationList section */

/* Begin XCVersionGroup section */
		8D3A425827A3C85600FF551F /* Advocase.xcdatamodeld */ = {
			isa = XCVersionGroup;
			children = (
				8D3A425927A3C85600FF551F /* Advocase.xcdatamodel */,
			);
			currentVersion = 8D3A425927A3C85600FF551F /* Advocase.xcdatamodel */;
			path = Advocase.xcdatamodeld;
			sourceTree = "<group>";
			versionGroupType = wrapper.xcdatamodel;
		};
/* End XCVersionGroup section */
	};
	rootObject = 8D3A424427A3C85600FF551F /* Project object */;
}
